
Microsoft Visual Studio Solution File, Format Version 12.00
# Visual Studio 2012
Project("{2150E333-8FDC-42A3-9474-1A3956D46DE8}") = "00 Implementation", "00 Implementation", "{BC378EC4-5CF5-4415-9C2E-2A1F9FC5E188}"
EndProject
Project("{2150E333-8FDC-42A3-9474-1A3956D46DE8}") = "10 Demo", "10 Demo", "{B33DA4A5-266C-4390-83BE-653019296B17}"
EndProject
Project("{FAE04EC0-301F-11D3-BF4B-00C04F79EFBC}") = "Emit.ExtensibilityProvider", "..\Proj\00 Implementation\Emit.ExtensibilityProvider.csproj", "{CB4D6FAE-46F6-40B6-B249-851BB066607A}"
EndProject
Project("{FAE04EC0-301F-11D3-BF4B-00C04F79EFBC}") = "Emit.ExtensibilityDemo", "..\Proj\10 Demo\Emit.ExtensibilityDemo\Emit.ExtensibilityDemo.csproj", "{27F6177C-A98F-46DE-8BF0-4278ADAECA50}"
EndProject
Project("{FAE04EC0-301F-11D3-BF4B-00C04F79EFBC}") = "Emit.DependencyExports", "..\Proj\10 Demo\Emit.DependencyExports\Emit.DependencyExports.csproj", "{AF368B3B-B7F5-4F50-8D17-A898DD13AF92}"
EndProject
Global
	GlobalSection(SolutionConfigurationPlatforms) = preSolution
		Debug|Any CPU = Debug|Any CPU
		Release|Any CPU = Release|Any CPU
	EndGlobalSection
	GlobalSection(ProjectConfigurationPlatforms) = postSolution
		{CB4D6FAE-46F6-40B6-B249-851BB066607A}.Debug|Any CPU.ActiveCfg = Debug|Any CPU
		{CB4D6FAE-46F6-40B6-B249-851BB066607A}.Debug|Any CPU.Build.0 = Debug|Any CPU
		{CB4D6FAE-46F6-40B6-B249-851BB066607A}.Release|Any CPU.ActiveCfg = Release|Any CPU
		{CB4D6FAE-46F6-40B6-B249-851BB066607A}.Release|Any CPU.Build.0 = Release|Any CPU
		{27F6177C-A98F-46DE-8BF0-4278ADAECA50}.Debug|Any CPU.ActiveCfg = Debug|Any CPU
		{27F6177C-A98F-46DE-8BF0-4278ADAECA50}.Debug|Any CPU.Build.0 = Debug|Any CPU
		{27F6177C-A98F-46DE-8BF0-4278ADAECA50}.Release|Any CPU.ActiveCfg = Release|Any CPU
		{27F6177C-A98F-46DE-8BF0-4278ADAECA50}.Release|Any CPU.Build.0 = Release|Any CPU
		{AF368B3B-B7F5-4F50-8D17-A898DD13AF92}.Debug|Any CPU.ActiveCfg = Debug|Any CPU
		{AF368B3B-B7F5-4F50-8D17-A898DD13AF92}.Debug|Any CPU.Build.0 = Debug|Any CPU
		{AF368B3B-B7F5-4F50-8D17-A898DD13AF92}.Release|Any CPU.ActiveCfg = Release|Any CPU
		{AF368B3B-B7F5-4F50-8D17-A898DD13AF92}.Release|Any CPU.Build.0 = Release|Any CPU
	EndGlobalSection
	GlobalSection(SolutionProperties) = preSolution
		HideSolutionNode = FALSE
	EndGlobalSection
	GlobalSection(NestedProjects) = preSolution
		{CB4D6FAE-46F6-40B6-B249-851BB066607A} = {BC378EC4-5CF5-4415-9C2E-2A1F9FC5E188}
		{27F6177C-A98F-46DE-8BF0-4278ADAECA50} = {B33DA4A5-266C-4390-83BE-653019296B17}
		{AF368B3B-B7F5-4F50-8D17-A898DD13AF92} = {B33DA4A5-266C-4390-83BE-653019296B17}
	EndGlobalSection
EndGlobal
